
Microsoft Visual Studio Solution File, Format Version 12.00
Project("{FAE04EC0-301F-11D3-BF4B-00C04F79EFBC}") = "WRL_T180Roster", "WRL_T180Roster.csproj", "{07624D96-CC19-4336-A6EF-26A91E882EA0}"
EndProject
Global
	GlobalSection(SolutionConfigurationPlatforms) = preSolution
		Debug|Any CPU = Debug|Any CPU
		Release|Any CPU = Release|Any CPU
	EndGlobalSection
	GlobalSection(ProjectConfigurationPlatforms) = postSolution
		{07624D96-CC19-4336-A6EF-26A91E882EA0}.Debug|Any CPU.ActiveCfg = Debug|Any CPU
		{07624D96-CC19-4336-A6EF-26A91E882EA0}.Debug|Any CPU.Build.0 = Debug|Any CPU
		{07624D96-CC19-4336-A6EF-26A91E882EA0}.Release|Any CPU.ActiveCfg = Release|Any CPU
		{07624D96-CC19-4336-A6EF-26A91E882EA0}.Release|Any CPU.Build.0 = Release|Any CPU
	EndGlobalSection
EndGlobal
